
Microsoft Visual Studio Solution File, Format Version 12.00
# Visual Studio Version 17
VisualStudioVersion = 17.5.33516.290
MinimumVisualStudioVersion = 10.0.40219.1
Project("{FAE04EC0-301F-11D3-BF4B-00C04F79EFBC}") = "ShapeOmar1", "ShapeOmar1\ShapeOmar1.csproj", "{CDB2A42D-11B2-4959-9F47-B2A72910E2E1}"
EndProject
Global
	GlobalSection(SolutionConfigurationPlatforms) = preSolution
		Debug|Any CPU = Debug|Any CPU
		Release|Any CPU = Release|Any CPU
	EndGlobalSection
	GlobalSection(ProjectConfigurationPlatforms) = postSolution
		{CDB2A42D-11B2-4959-9F47-B2A72910E2E1}.Debug|Any CPU.ActiveCfg = Debug|Any CPU
		{CDB2A42D-11B2-4959-9F47-B2A72910E2E1}.Debug|Any CPU.Build.0 = Debug|Any CPU
		{CDB2A42D-11B2-4959-9F47-B2A72910E2E1}.Release|Any CPU.ActiveCfg = Release|Any CPU
		{CDB2A42D-11B2-4959-9F47-B2A72910E2E1}.Release|Any CPU.Build.0 = Release|Any CPU
	EndGlobalSection
	GlobalSection(SolutionProperties) = preSolution
		HideSolutionNode = FALSE
	EndGlobalSection
	GlobalSection(ExtensibilityGlobals) = postSolution
		SolutionGuid = {1D75F2D3-D921-41A4-9A37-E27C2C5A900B}
	EndGlobalSection
EndGlobal
